
Microsoft Visual Studio Solution File, Format Version 12.00
# Visual Studio 2013
VisualStudioVersion = 12.0.30110.0
MinimumVisualStudioVersion = 10.0.40219.1
Project("{FAE04EC0-301F-11D3-BF4B-00C04F79EFBC}") = "ExchangeWCFService", "ExchangeWCFService.csproj", "{24D073A8-9EE3-41D6-AAB6-3751BD45E6B5}"
EndProject
Project("{FAE04EC0-301F-11D3-BF4B-00C04F79EFBC}") = "TestSender", "..\TestSender\TestSender.csproj", "{368CB0EB-21FB-4AA6-93B4-B25A59669E16}"
	ProjectSection(ProjectDependencies) = postProject
		{24D073A8-9EE3-41D6-AAB6-3751BD45E6B5} = {24D073A8-9EE3-41D6-AAB6-3751BD45E6B5}
	EndProjectSection
EndProject
Global
	GlobalSection(SolutionConfigurationPlatforms) = preSolution
		Debug|Any CPU = Debug|Any CPU
		Release|Any CPU = Release|Any CPU
	EndGlobalSection
	GlobalSection(ProjectConfigurationPlatforms) = postSolution
		{24D073A8-9EE3-41D6-AAB6-3751BD45E6B5}.Debug|Any CPU.ActiveCfg = Debug|Any CPU
		{24D073A8-9EE3-41D6-AAB6-3751BD45E6B5}.Debug|Any CPU.Build.0 = Debug|Any CPU
		{24D073A8-9EE3-41D6-AAB6-3751BD45E6B5}.Release|Any CPU.ActiveCfg = Release|Any CPU
		{24D073A8-9EE3-41D6-AAB6-3751BD45E6B5}.Release|Any CPU.Build.0 = Release|Any CPU
		{368CB0EB-21FB-4AA6-93B4-B25A59669E16}.Debug|Any CPU.ActiveCfg = Debug|Any CPU
		{368CB0EB-21FB-4AA6-93B4-B25A59669E16}.Debug|Any CPU.Build.0 = Debug|Any CPU
		{368CB0EB-21FB-4AA6-93B4-B25A59669E16}.Release|Any CPU.ActiveCfg = Release|Any CPU
		{368CB0EB-21FB-4AA6-93B4-B25A59669E16}.Release|Any CPU.Build.0 = Release|Any CPU
	EndGlobalSection
	GlobalSection(SolutionProperties) = preSolution
		HideSolutionNode = FALSE
	EndGlobalSection
EndGlobal
